// !$*UTF8*$!
{
	archiveVersion = 1;
	classes = {
	};
	objectVersion = 56;
	objects = {

/* Begin PBXBuildFile section */
		62FD58B72D794C2700416B22 /* MvvmTodoApp.swift in Sources */ = {isa = PBXBuildFile; fileRef = 62FD58B62D794C2700416B22 /* MvvmTodoApp.swift */; };
		62FD58BB2D794C2900416B22 /* Assets.xcassets in Resources */ = {isa = PBXBuildFile; fileRef = 62FD58BA2D794C2900416B22 /* Assets.xcassets */; };
		62FD58BE2D794C2900416B22 /* Preview Assets.xcassets in Resources */ = {isa = PBXBuildFile; fileRef = 62FD58BD2D794C2900416B22 /* Preview Assets.xcassets */; };
		62FD58C82D794C2A00416B22 /* MvvmTodoTests.swift in Sources */ = {isa = PBXBuildFile; fileRef = 62FD58C72D794C2A00416B22 /* MvvmTodoTests.swift */; };
		62FD58D22D794C2A00416B22 /* MvvmTodoUITests.swift in Sources */ = {isa = PBXBuildFile; fileRef = 62FD58D12D794C2A00416B22 /* MvvmTodoUITests.swift */; };
		62FD58D42D794C2A00416B22 /* MvvmTodoUITestsLaunchTests.swift in Sources */ = {isa = PBXBuildFile; fileRef = 62FD58D32D794C2A00416B22 /* MvvmTodoUITestsLaunchTests.swift */; };
		62FD58E42D794DC100416B22 /* Todo.swift in Sources */ = {isa = PBXBuildFile; fileRef = 62FD58E32D794DC100416B22 /* Todo.swift */; };
		62FD58E62D794DF500416B22 /* TodoViewModel.swift in Sources */ = {isa = PBXBuildFile; fileRef = 62FD58E52D794DF500416B22 /* TodoViewModel.swift */; };
		62FD58EA2D794EB900416B22 /* TodoView.swift in Sources */ = {isa = PBXBuildFile; fileRef = 62FD58E92D794EB900416B22 /* TodoView.swift */; };
/* End PBXBuildFile section */

/* Begin PBXContainerItemProxy section */
		62FD58C42D794C2A00416B22 /* PBXContainerItemProxy */ = {
			isa = PBXContainerItemProxy;
			containerPortal = 62FD58AB2D794C2700416B22 /* Project object */;
			proxyType = 1;
			remoteGlobalIDString = 62FD58B22D794C2700416B22;
			remoteInfo = MvvmTodo;
		};
		62FD58CE2D794C2A00416B22 /* PBXContainerItemProxy */ = {
			isa = PBXContainerItemProxy;
			containerPortal = 62FD58AB2D794C2700416B22 /* Project object */;
			proxyType = 1;
			remoteGlobalIDString = 62FD58B22D794C2700416B22;
			remoteInfo = MvvmTodo;
		};
/* End PBXContainerItemProxy section */

/* Begin PBXFileReference section */
		62FD58B32D794C2700416B22 /* MvvmTodo.app */ = {isa = PBXFileReference; explicitFileType = wrapper.application; includeInIndex = 0; path = MvvmTodo.app; sourceTree = BUILT_PRODUCTS_DIR; };
		62FD58B62D794C2700416B22 /* MvvmTodoApp.swift */ = {isa = PBXFileReference; lastKnownFileType = sourcecode.swift; path = MvvmTodoApp.swift; sourceTree = "<group>"; };
		62FD58BA2D794C2900416B22 /* Assets.xcassets */ = {isa = PBXFileReference; lastKnownFileType = folder.assetcatalog; path = Assets.xcassets; sourceTree = "<group>"; };
		62FD58BD2D794C2900416B22 /* Preview Assets.xcassets */ = {isa = PBXFileReference; lastKnownFileType = folder.assetcatalog; path = "Preview Assets.xcassets"; sourceTree = "<group>"; };
		62FD58C32D794C2A00416B22 /* MvvmTodoTests.xctest */ = {isa = PBXFileReference; explicitFileType = wrapper.cfbundle; includeInIndex = 0; path = MvvmTodoTests.xctest; sourceTree = BUILT_PRODUCTS_DIR; };
		62FD58C72D794C2A00416B22 /* MvvmTodoTests.swift */ = {isa = PBXFileReference; lastKnownFileType = sourcecode.swift; path = MvvmTodoTests.swift; sourceTree = "<group>"; };
		62FD58CD2D794C2A00416B22 /* MvvmTodoUITests.xctest */ = {isa = PBXFileReference; explicitFileType = wrapper.cfbundle; includeInIndex = 0; path = MvvmTodoUITests.xctest; sourceTree = BUILT_PRODUCTS_DIR; };
		62FD58D12D794C2A00416B22 /* MvvmTodoUITests.swift */ = {isa = PBXFileReference; lastKnownFileType = sourcecode.swift; path = MvvmTodoUITests.swift; sourceTree = "<group>"; };
		62FD58D32D794C2A00416B22 /* MvvmTodoUITestsLaunchTests.swift */ = {isa = PBXFileReference; lastKnownFileType = sourcecode.swift; path = MvvmTodoUITestsLaunchTests.swift; sourceTree = "<group>"; };
		62FD58E32D794DC100416B22 /* Todo.swift */ = {isa = PBXFileReference; lastKnownFileType = sourcecode.swift; path = Todo.swift; sourceTree = "<group>"; };
		62FD58E52D794DF500416B22 /* TodoViewModel.swift */ = {isa = PBXFileReference; lastKnownFileType = sourcecode.swift; path = TodoViewModel.swift; sourceTree = "<group>"; };
		62FD58E92D794EB900416B22 /* TodoView.swift */ = {isa = PBXFileReference; lastKnownFileType = sourcecode.swift; path = TodoView.swift; sourceTree = "<group>"; };
/* End PBXFileReference section */

/* Begin PBXFrameworksBuildPhase section */
		62FD58B02D794C2700416B22 /* Frameworks */ = {
			isa = PBXFrameworksBuildPhase;
			buildActionMask = 2147483647;
			files = (
			);
			runOnlyForDeploymentPostprocessing = 0;
		};
		62FD58C02D794C2A00416B22 /* Frameworks */ = {
			isa = PBXFrameworksBuildPhase;
			buildActionMask = 2147483647;
			files = (
			);
			runOnlyForDeploymentPostprocessing = 0;
		};
		62FD58CA2D794C2A00416B22 /* Frameworks */ = {
			isa = PBXFrameworksBuildPhase;
			buildActionMask = 2147483647;
			files = (
			);
			runOnlyForDeploymentPostprocessing = 0;
		};
/* End PBXFrameworksBuildPhase section */

/* Begin PBXGroup section */
		62FD58AA2D794C2700416B22 = {
			isa = PBXGroup;
			children = (
				62FD58B52D794C2700416B22 /* MvvmTodo */,
				62FD58C62D794C2A00416B22 /* MvvmTodoTests */,
				62FD58D02D794C2A00416B22 /* MvvmTodoUITests */,
				62FD58B42D794C2700416B22 /* Products */,
			);
			sourceTree = "<group>";
		};
		62FD58B42D794C2700416B22 /* Products */ = {
			isa = PBXGroup;
			children = (
				62FD58B32D794C2700416B22 /* MvvmTodo.app */,
				62FD58C32D794C2A00416B22 /* MvvmTodoTests.xctest */,
				62FD58CD2D794C2A00416B22 /* MvvmTodoUITests.xctest */,
			);
			name = Products;
			sourceTree = "<group>";
		};
		62FD58B52D794C2700416B22 /* MvvmTodo */ = {
			isa = PBXGroup;
			children = (
				62FD58E22D794D6600416B22 /* View */,
				62FD58E12D794D5500416B22 /* ViewModel */,
				62FD58E02D794D4800416B22 /* Model */,
				62FD58B62D794C2700416B22 /* MvvmTodoApp.swift */,
				62FD58BA2D794C2900416B22 /* Assets.xcassets */,
				62FD58BC2D794C2900416B22 /* Preview Content */,
			);
			path = MvvmTodo;
			sourceTree = "<group>";
		};
		62FD58BC2D794C2900416B22 /* Preview Content */ = {
			isa = PBXGroup;
			children = (
				62FD58BD2D794C2900416B22 /* Preview Assets.xcassets */,
			);
			path = "Preview Content";
			sourceTree = "<group>";
		};
		62FD58C62D794C2A00416B22 /* MvvmTodoTests */ = {
			isa = PBXGroup;
			children = (
				62FD58C72D794C2A00416B22 /* MvvmTodoTests.swift */,
			);
			path = MvvmTodoTests;
			sourceTree = "<group>";
		};
		62FD58D02D794C2A00416B22 /* MvvmTodoUITests */ = {
			isa = PBXGroup;
			children = (
				62FD58D12D794C2A00416B22 /* MvvmTodoUITests.swift */,
				62FD58D32D794C2A00416B22 /* MvvmTodoUITestsLaunchTests.swift */,
			);
			path = MvvmTodoUITests;
			sourceTree = "<group>";
		};
		62FD58E02D794D4800416B22 /* Model */ = {
			isa = PBXGroup;
			children = (
				62FD58E32D794DC100416B22 /* Todo.swift */,
			);
			path = Model;
			sourceTree = "<group>";
		};
		62FD58E12D794D5500416B22 /* ViewModel */ = {
			isa = PBXGroup;
			children = (
				62FD58E52D794DF500416B22 /* TodoViewModel.swift */,
			);
			path = ViewModel;
			sourceTree = "<group>";
		};
		62FD58E22D794D6600416B22 /* View */ = {
			isa = PBXGroup;
			children = (
				62FD58E92D794EB900416B22 /* TodoView.swift */,
			);
			path = View;
			sourceTree = "<group>";
		};
/* End PBXGroup section */

/* Begin PBXNativeTarget section */
		62FD58B22D794C2700416B22 /* MvvmTodo */ = {
			isa = PBXNativeTarget;
			buildConfigurationList = 62FD58D72D794C2A00416B22 /* Build configuration list for PBXNativeTarget "MvvmTodo" */;
			buildPhases = (
				62FD58AF2D794C2700416B22 /* Sources */,
				62FD58B02D794C2700416B22 /* Frameworks */,
				62FD58B12D794C2700416B22 /* Resources */,
			);
			buildRules = (
			);
			dependencies = (
			);
			name = MvvmTodo;
			productName = MvvmTodo;
			productReference = 62FD58B32D794C2700416B22 /* MvvmTodo.app */;
			productType = "com.apple.product-type.application";
		};
		62FD58C22D794C2A00416B22 /* MvvmTodoTests */ = {
			isa = PBXNativeTarget;
			buildConfigurationList = 62FD58DA2D794C2A00416B22 /* Build configuration list for PBXNativeTarget "MvvmTodoTests" */;
			buildPhases = (
				62FD58BF2D794C2A00416B22 /* Sources */,
				62FD58C02D794C2A00416B22 /* Frameworks */,
				62FD58C12D794C2A00416B22 /* Resources */,
			);
			buildRules = (
			);
			dependencies = (
				62FD58C52D794C2A00416B22 /* PBXTargetDependency */,
			);
			name = MvvmTodoTests;
			productName = MvvmTodoTests;
			productReference = 62FD58C32D794C2A00416B22 /* MvvmTodoTests.xctest */;
			productType = "com.apple.product-type.bundle.unit-test";
		};
		62FD58CC2D794C2A00416B22 /* MvvmTodoUITests */ = {
			isa = PBXNativeTarget;
			buildConfigurationList = 62FD58DD2D794C2A00416B22 /* Build configuration list for PBXNativeTarget "MvvmTodoUITests" */;
			buildPhases = (
				62FD58C92D794C2A00416B22 /* Sources */,
				62FD58CA2D794C2A00416B22 /* Frameworks */,
				62FD58CB2D794C2A00416B22 /* Resources */,
			);
			buildRules = (
			);
			dependencies = (
				62FD58CF2D794C2A00416B22 /* PBXTargetDependency */,
			);
			name = MvvmTodoUITests;
			productName = MvvmTodoUITests;
			productReference = 62FD58CD2D794C2A00416B22 /* MvvmTodoUITests.xctest */;
			productType = "com.apple.product-type.bundle.ui-testing";
		};
/* End PBXNativeTarget section */

/* Begin PBXProject section */
		62FD58AB2D794C2700416B22 /* Project object */ = {
			isa = PBXProject;
			attributes = {
				BuildIndependentTargetsInParallel = 1;
				LastSwiftUpdateCheck = 1540;
				LastUpgradeCheck = 1540;
				TargetAttributes = {
					62FD58B22D794C2700416B22 = {
						CreatedOnToolsVersion = 15.4;
					};
					62FD58C22D794C2A00416B22 = {
						CreatedOnToolsVersion = 15.4;
						TestTargetID = 62FD58B22D794C2700416B22;
					};
					62FD58CC2D794C2A00416B22 = {
						CreatedOnToolsVersion = 15.4;
						TestTargetID = 62FD58B22D794C2700416B22;
					};
				};
			};
			buildConfigurationList = 62FD58AE2D794C2700416B22 /* Build configuration list for PBXProject "MvvmTodo" */;
			compatibilityVersion = "Xcode 14.0";
			developmentRegion = en;
			hasScannedForEncodings = 0;
			knownRegions = (
				en,
				Base,
			);
			mainGroup = 62FD58AA2D794C2700416B22;
			productRefGroup = 62FD58B42D794C2700416B22 /* Products */;
			projectDirPath = "";
			projectRoot = "";
			targets = (
				62FD58B22D794C2700416B22 /* MvvmTodo */,
				62FD58C22D794C2A00416B22 /* MvvmTodoTests */,
				62FD58CC2D794C2A00416B22 /* MvvmTodoUITests */,
			);
		};
/* End PBXProject section */

/* Begin PBXResourcesBuildPhase section */
		62FD58B12D794C2700416B22 /* Resources */ = {
			isa = PBXResourcesBuildPhase;
			buildActionMask = 2147483647;
			files = (
				62FD58BE2D794C2900416B22 /* Preview Assets.xcassets in Resources */,
				62FD58BB2D794C2900416B22 /* Assets.xcassets in Resources */,
			);
			runOnlyForDeploymentPostprocessing = 0;
		};
		62FD58C12D794C2A00416B22 /* Resources */ = {
			isa = PBXResourcesBuildPhase;
			buildActionMask = 2147483647;
			files = (
			);
			runOnlyForDeploymentPostprocessing = 0;
		};
		62FD58CB2D794C2A00416B22 /* Resources */ = {
			isa = PBXResourcesBuildPhase;
			buildActionMask = 2147483647;
			files = (
			);
			runOnlyForDeploymentPostprocessing = 0;
		};
/* End PBXResourcesBuildPhase section */

/* Begin PBXSourcesBuildPhase section */
		62FD58AF2D794C2700416B22 /* Sources */ = {
			isa = PBXSourcesBuildPhase;
			buildActionMask = 2147483647;
			files = (
				62FD58E62D794DF500416B22 /* TodoViewModel.swift in Sources */,
				62FD58E42D794DC100416B22 /* Todo.swift in Sources */,
				62FD58EA2D794EB900416B22 /* TodoView.swift in Sources */,
				62FD58B72D794C2700416B22 /* MvvmTodoApp.swift in Sources */,
			);
			runOnlyForDeploymentPostprocessing = 0;
		};
		62FD58BF2D794C2A00416B22 /* Sources */ = {
			isa = PBXSourcesBuildPhase;
			buildActionMask = 2147483647;
			files = (
				62FD58C82D794C2A00416B22 /* MvvmTodoTests.swift in Sources */,
			);
			runOnlyForDeploymentPostprocessing = 0;
		};
		62FD58C92D794C2A00416B22 /* Sources */ = {
			isa = PBXSourcesBuildPhase;
			buildActionMask = 2147483647;
			files = (
				62FD58D42D794C2A00416B22 /* MvvmTodoUITestsLaunchTests.swift in Sources */,
				62FD58D22D794C2A00416B22 /* MvvmTodoUITests.swift in Sources */,
			);
			runOnlyForDeploymentPostprocessing = 0;
		};
/* End PBXSourcesBuildPhase section */

/* Begin PBXTargetDependency section */
		62FD58C52D794C2A00416B22 /* PBXTargetDependency */ = {
			isa = PBXTargetDependency;
			target = 62FD58B22D794C2700416B22 /* MvvmTodo */;
			targetProxy = 62FD58C42D794C2A00416B22 /* PBXContainerItemProxy */;
		};
		62FD58CF2D794C2A00416B22 /* PBXTargetDependency */ = {
			isa = PBXTargetDependency;
			target = 62FD58B22D794C2700416B22 /* MvvmTodo */;
			targetProxy = 62FD58CE2D794C2A00416B22 /* PBXContainerItemProxy */;
		};
/* End PBXTargetDependency section */

/* Begin XCBuildConfiguration section */
		62FD58D52D794C2A00416B22 /* Debug */ = {
			isa = XCBuildConfiguration;
			buildSettings = {
				ALWAYS_SEARCH_USER_PATHS = NO;
				ASSETCATALOG_COMPILER_GENERATE_SWIFT_ASSET_SYMBOL_EXTENSIONS = YES;
				CLANG_ANALYZER_NONNULL = YES;
				CLANG_ANALYZER_NUMBER_OBJECT_CONVERSION = YES_AGGRESSIVE;
				CLANG_CXX_LANGUAGE_STANDARD = "gnu++20";
				CLANG_ENABLE_MODULES = YES;
				CLANG_ENABLE_OBJC_ARC = YES;
				CLANG_ENABLE_OBJC_WEAK = YES;
				CLANG_WARN_BLOCK_CAPTURE_AUTORELEASING = YES;
				CLANG_WARN_BOOL_CONVERSION = YES;
				CLANG_WARN_COMMA = YES;
				CLANG_WARN_CONSTANT_CONVERSION = YES;
				CLANG_WARN_DEPRECATED_OBJC_IMPLEMENTATIONS = YES;
				CLANG_WARN_DIRECT_OBJC_ISA_USAGE = YES_ERROR;
				CLANG_WARN_DOCUMENTATION_COMMENTS = YES;
				CLANG_WARN_EMPTY_BODY = YES;
				CLANG_WARN_ENUM_CONVERSION = YES;
				CLANG_WARN_INFINITE_RECURSION = YES;
				CLANG_WARN_INT_CONVERSION = YES;
				CLANG_WARN_NON_LITERAL_NULL_CONVERSION = YES;
				CLANG_WARN_OBJC_IMPLICIT_RETAIN_SELF = YES;
				CLANG_WARN_OBJC_LITERAL_CONVERSION = YES;
				CLANG_WARN_OBJC_ROOT_CLASS = YES_ERROR;
				CLANG_WARN_QUOTED_INCLUDE_IN_FRAMEWORK_HEADER = YES;
				CLANG_WARN_RANGE_LOOP_ANALYSIS = YES;
				CLANG_WARN_STRICT_PROTOTYPES = YES;
				CLANG_WARN_SUSPICIOUS_MOVE = YES;
				CLANG_WARN_UNGUARDED_AVAILABILITY = YES_AGGRESSIVE;
				CLANG_WARN_UNREACHABLE_CODE = YES;
				CLANG_WARN__DUPLICATE_METHOD_MATCH = YES;
				COPY_PHASE_STRIP = NO;
				DEBUG_INFORMATION_FORMAT = dwarf;
				ENABLE_STRICT_OBJC_MSGSEND = YES;
				ENABLE_TESTABILITY = YES;
				ENABLE_USER_SCRIPT_SANDBOXING = YES;
				GCC_C_LANGUAGE_STANDARD = gnu17;
				GCC_DYNAMIC_NO_PIC = NO;
				GCC_NO_COMMON_BLOCKS = YES;
				GCC_OPTIMIZATION_LEVEL = 0;
				GCC_PREPROCESSOR_DEFINITIONS = (
					"DEBUG=1",
					"$(inherited)",
				);
				GCC_WARN_64_TO_32_BIT_CONVERSION = YES;
				GCC_WARN_ABOUT_RETURN_TYPE = YES_ERROR;
				GCC_WARN_UNDECLARED_SELECTOR = YES;
				GCC_WARN_UNINITIALIZED_AUTOS = YES_AGGRESSIVE;
				GCC_WARN_UNUSED_FUNCTION = YES;
				GCC_WARN_UNUSED_VARIABLE = YES;
				IPHONEOS_DEPLOYMENT_TARGET = 17.5;
				LOCALIZATION_PREFERS_STRING_CATALOGS = YES;
				MTL_ENABLE_DEBUG_INFO = INCLUDE_SOURCE;
				MTL_FAST_MATH = YES;
				ONLY_ACTIVE_ARCH = YES;
				SDKROOT = iphoneos;
				SWIFT_ACTIVE_COMPILATION_CONDITIONS = "DEBUG $(inherited)";
				SWIFT_OPTIMIZATION_LEVEL = "-Onone";
			};
			name = Debug;
		};
		62FD58D62D794C2A00416B22 /* Release */ = {
			isa = XCBuildConfiguration;
			buildSettings = {
				ALWAYS_SEARCH_USER_PATHS = NO;
				ASSETCATALOG_COMPILER_GENERATE_SWIFT_ASSET_SYMBOL_EXTENSIONS = YES;
				CLANG_ANALYZER_NONNULL = YES;
				CLANG_ANALYZER_NUMBER_OBJECT_CONVERSION = YES_AGGRESSIVE;
				CLANG_CXX_LANGUAGE_STANDARD = "gnu++20";
				CLANG_ENABLE_MODULES = YES;
				CLANG_ENABLE_OBJC_ARC = YES;
				CLANG_ENABLE_OBJC_WEAK = YES;
				CLANG_WARN_BLOCK_CAPTURE_AUTORELEASING = YES;
				CLANG_WARN_BOOL_CONVERSION = YES;
				CLANG_WARN_COMMA = YES;
				CLANG_WARN_CONSTANT_CONVERSION = YES;
				CLANG_WARN_DEPRECATED_OBJC_IMPLEMENTATIONS = YES;
				CLANG_WARN_DIRECT_OBJC_ISA_USAGE = YES_ERROR;
				CLANG_WARN_DOCUMENTATION_COMMENTS = YES;
				CLANG_WARN_EMPTY_BODY = YES;
				CLANG_WARN_ENUM_CONVERSION = YES;
				CLANG_WARN_INFINITE_RECURSION = YES;
				CLANG_WARN_INT_CONVERSION = YES;
				CLANG_WARN_NON_LITERAL_NULL_CONVERSION = YES;
				CLANG_WARN_OBJC_IMPLICIT_RETAIN_SELF = YES;
				CLANG_WARN_OBJC_LITERAL_CONVERSION = YES;
				CLANG_WARN_OBJC_ROOT_CLASS = YES_ERROR;
				CLANG_WARN_QUOTED_INCLUDE_IN_FRAMEWORK_HEADER = YES;
				CLANG_WARN_RANGE_LOOP_ANALYSIS = YES;
				CLANG_WARN_STRICT_PROTOTYPES = YES;
				CLANG_WARN_SUSPICIOUS_MOVE = YES;
				CLANG_WARN_UNGUARDED_AVAILABILITY = YES_AGGRESSIVE;
				CLANG_WARN_UNREACHABLE_CODE = YES;
				CLANG_WARN__DUPLICATE_METHOD_MATCH = YES;
				COPY_PHASE_STRIP = NO;
				DEBUG_INFORMATION_FORMAT = "dwarf-with-dsym";
				ENABLE_NS_ASSERTIONS = NO;
				ENABLE_STRICT_OBJC_MSGSEND = YES;
				ENABLE_USER_SCRIPT_SANDBOXING = YES;
				GCC_C_LANGUAGE_STANDARD = gnu17;
				GCC_NO_COMMON_BLOCKS = YES;
				GCC_WARN_64_TO_32_BIT_CONVERSION = YES;
				GCC_WARN_ABOUT_RETURN_TYPE = YES_ERROR;
				GCC_WARN_UNDECLARED_SELECTOR = YES;
				GCC_WARN_UNINITIALIZED_AUTOS = YES_AGGRESSIVE;
				GCC_WARN_UNUSED_FUNCTION = YES;
				GCC_WARN_UNUSED_VARIABLE = YES;
				IPHONEOS_DEPLOYMENT_TARGET = 17.5;
				LOCALIZATION_PREFERS_STRING_CATALOGS = YES;
				MTL_ENABLE_DEBUG_INFO = NO;
				MTL_FAST_MATH = YES;
				SDKROOT = iphoneos;
				SWIFT_COMPILATION_MODE = wholemodule;
				VALIDATE_PRODUCT = YES;
			};
			name = Release;
		};
		62FD58D82D794C2A00416B22 /* Debug */ = {
			isa = XCBuildConfiguration;
			buildSettings = {
				ASSETCATALOG_COMPILER_APPICON_NAME = AppIcon;
				ASSETCATALOG_COMPILER_GLOBAL_ACCENT_COLOR_NAME = AccentColor;
				CODE_SIGN_STYLE = Automatic;
				CURRENT_PROJECT_VERSION = 1;
				DEVELOPMENT_ASSET_PATHS = "\"MvvmTodo/Preview Content\"";
				ENABLE_PREVIEWS = YES;
				GENERATE_INFOPLIST_FILE = YES;
				INFOPLIST_KEY_UIApplicationSceneManifest_Generation = YES;
				INFOPLIST_KEY_UIApplicationSupportsIndirectInputEvents = YES;
				INFOPLIST_KEY_UILaunchScreen_Generation = YES;
				INFOPLIST_KEY_UISupportedInterfaceOrientations_iPad = "UIInterfaceOrientationPortrait UIInterfaceOrientationPortraitUpsideDown UIInterfaceOrientationLandscapeLeft UIInterfaceOrientationLandscapeRight";
				INFOPLIST_KEY_UISupportedInterfaceOrientations_iPhone = "UIInterfaceOrientationPortrait UIInterfaceOrientationLandscapeLeft UIInterfaceOrientationLandscapeRight";
				LD_RUNPATH_SEARCH_PATHS = (
					"$(inherited)",
					"@executable_path/Frameworks",
				);
				MARKETING_VERSION = 1.0;
				PRODUCT_BUNDLE_IDENTIFIER = study.wontae.MvvmTodo;
				PRODUCT_NAME = "$(TARGET_NAME)";
				SWIFT_EMIT_LOC_STRINGS = YES;
				SWIFT_VERSION = 5.0;
				TARGETED_DEVICE_FAMILY = "1,2";
			};
			name = Debug;
		};
		62FD58D92D794C2A00416B22 /* Release */ = {
			isa = XCBuildConfiguration;
			buildSettings = {
				ASSETCATALOG_COMPILER_APPICON_NAME = AppIcon;
				ASSETCATALOG_COMPILER_GLOBAL_ACCENT_COLOR_NAME = AccentColor;
				CODE_SIGN_STYLE = Automatic;
				CURRENT_PROJECT_VERSION = 1;
				DEVELOPMENT_ASSET_PATHS = "\"MvvmTodo/Preview Content\"";
				ENABLE_PREVIEWS = YES;
				GENERATE_INFOPLIST_FILE = YES;
				INFOPLIST_KEY_UIApplicationSceneManifest_Generation = YES;
				INFOPLIST_KEY_UIApplicationSupportsIndirectInputEvents = YES;
				INFOPLIST_KEY_UILaunchScreen_Generation = YES;
				INFOPLIST_KEY_UISupportedInterfaceOrientations_iPad = "UIInterfaceOrientationPortrait UIInterfaceOrientationPortraitUpsideDown UIInterfaceOrientationLandscapeLeft UIInterfaceOrientationLandscapeRight";
				INFOPLIST_KEY_UISupportedInterfaceOrientations_iPhone = "UIInterfaceOrientationPortrait UIInterfaceOrientationLandscapeLeft UIInterfaceOrientationLandscapeRight";
				LD_RUNPATH_SEARCH_PATHS = (
					"$(inherited)",
					"@executable_path/Frameworks",
				);
				MARKETING_VERSION = 1.0;
				PRODUCT_BUNDLE_IDENTIFIER = study.wontae.MvvmTodo;
				PRODUCT_NAME = "$(TARGET_NAME)";
				SWIFT_EMIT_LOC_STRINGS = YES;
				SWIFT_VERSION = 5.0;
				TARGETED_DEVICE_FAMILY = "1,2";
			};
			name = Release;
		};
		62FD58DB2D794C2A00416B22 /* Debug */ = {
			isa = XCBuildConfiguration;
			buildSettings = {
				ALWAYS_EMBED_SWIFT_STANDARD_LIBRARIES = YES;
				BUNDLE_LOADER = "$(TEST_HOST)";
				CODE_SIGN_STYLE = Automatic;
				CURRENT_PROJECT_VERSION = 1;
				GENERATE_INFOPLIST_FILE = YES;
				IPHONEOS_DEPLOYMENT_TARGET = 17.5;
				MARKETING_VERSION = 1.0;
				PRODUCT_BUNDLE_IDENTIFIER = study.wontae.MvvmTodoTests;
				PRODUCT_NAME = "$(TARGET_NAME)";
				SWIFT_EMIT_LOC_STRINGS = NO;
				SWIFT_VERSION = 5.0;
				TARGETED_DEVICE_FAMILY = "1,2";
				TEST_HOST = "$(BUILT_PRODUCTS_DIR)/MvvmTodo.app/$(BUNDLE_EXECUTABLE_FOLDER_PATH)/MvvmTodo";
			};
			name = Debug;
		};
		62FD58DC2D794C2A00416B22 /* Release */ = {
			isa = XCBuildConfiguration;
			buildSettings = {
				ALWAYS_EMBED_SWIFT_STANDARD_LIBRARIES = YES;
				BUNDLE_LOADER = "$(TEST_HOST)";
				CODE_SIGN_STYLE = Automatic;
				CURRENT_PROJECT_VERSION = 1;
				GENERATE_INFOPLIST_FILE = YES;
				IPHONEOS_DEPLOYMENT_TARGET = 17.5;
				MARKETING_VERSION = 1.0;
				PRODUCT_BUNDLE_IDENTIFIER = study.wontae.MvvmTodoTests;
				PRODUCT_NAME = "$(TARGET_NAME)";
				SWIFT_EMIT_LOC_STRINGS = NO;
				SWIFT_VERSION = 5.0;
				TARGETED_DEVICE_FAMILY = "1,2";
				TEST_HOST = "$(BUILT_PRODUCTS_DIR)/MvvmTodo.app/$(BUNDLE_EXECUTABLE_FOLDER_PATH)/MvvmTodo";
			};
			name = Release;
		};
		62FD58DE2D794C2A00416B22 /* Debug */ = {
			isa = XCBuildConfiguration;
			buildSettings = {
				ALWAYS_EMBED_SWIFT_STANDARD_LIBRARIES = YES;
				CODE_SIGN_STYLE = Automatic;
				CURRENT_PROJECT_VERSION = 1;
				GENERATE_INFOPLIST_FILE = YES;
				MARKETING_VERSION = 1.0;
				PRODUCT_BUNDLE_IDENTIFIER = study.wontae.MvvmTodoUITests;
				PRODUCT_NAME = "$(TARGET_NAME)";
				SWIFT_EMIT_LOC_STRINGS = NO;
				SWIFT_VERSION = 5.0;
				TARGETED_DEVICE_FAMILY = "1,2";
				TEST_TARGET_NAME = MvvmTodo;
			};
			name = Debug;
		};
		62FD58DF2D794C2A00416B22 /* Release */ = {
			isa = XCBuildConfiguration;
			buildSettings = {
				ALWAYS_EMBED_SWIFT_STANDARD_LIBRARIES = YES;
				CODE_SIGN_STYLE = Automatic;
				CURRENT_PROJECT_VERSION = 1;
				GENERATE_INFOPLIST_FILE = YES;
				MARKETING_VERSION = 1.0;
				PRODUCT_BUNDLE_IDENTIFIER = study.wontae.MvvmTodoUITests;
				PRODUCT_NAME = "$(TARGET_NAME)";
				SWIFT_EMIT_LOC_STRINGS = NO;
				SWIFT_VERSION = 5.0;
				TARGETED_DEVICE_FAMILY = "1,2";
				TEST_TARGET_NAME = MvvmTodo;
			};
			name = Release;
		};
/* End XCBuildConfiguration section */

/* Begin XCConfigurationList section */
		62FD58AE2D794C2700416B22 /* Build configuration list for PBXProject "MvvmTodo" */ = {
			isa = XCConfigurationList;
			buildConfigurations = (
				62FD58D52D794C2A00416B22 /* Debug */,
				62FD58D62D794C2A00416B22 /* Release */,
			);
			defaultConfigurationIsVisible = 0;
			defaultConfigurationName = Release;
		};
		62FD58D72D794C2A00416B22 /* Build configuration list for PBXNativeTarget "MvvmTodo" */ = {
			isa = XCConfigurationList;
			buildConfigurations = (
				62FD58D82D794C2A00416B22 /* Debug */,
				62FD58D92D794C2A00416B22 /* Release */,
			);
			defaultConfigurationIsVisible = 0;
			defaultConfigurationName = Release;
		};
		62FD58DA2D794C2A00416B22 /* Build configuration list for PBXNativeTarget "MvvmTodoTests" */ = {
			isa = XCConfigurationList;
			buildConfigurations = (
				62FD58DB2D794C2A00416B22 /* Debug */,
				62FD58DC2D794C2A00416B22 /* Release */,
			);
			defaultConfigurationIsVisible = 0;
			defaultConfigurationName = Release;
		};
		62FD58DD2D794C2A00416B22 /* Build configuration list for PBXNativeTarget "MvvmTodoUITests" */ = {
			isa = XCConfigurationList;
			buildConfigurations = (
				62FD58DE2D794C2A00416B22 /* Debug */,
				62FD58DF2D794C2A00416B22 /* Release */,
			);
			defaultConfigurationIsVisible = 0;
			defaultConfigurationName = Release;
		};
/* End XCConfigurationList section */
	};
	rootObject = 62FD58AB2D794C2700416B22 /* Project object */;
}
